// !$*UTF8*$!
{
	archiveVersion = 1;
	classes = {
	};
	objectVersion = 51;
	objects = {

/* Begin PBXBuildFile section */
		783C987123A6B1E800E1DB42 /* README.md in Resources */ = {isa = PBXBuildFile; fileRef = 783C987023A6B1E800E1DB42 /* README.md */; };
		788DD00F23A3E455002B3F43 /* Find_My_DineTests.swift in Sources */ = {isa = PBXBuildFile; fileRef = 788DD00E23A3E455002B3F43 /* Find_My_DineTests.swift */; };
		788DD01A23A3E455002B3F43 /* Find_My_DineUITests.swift in Sources */ = {isa = PBXBuildFile; fileRef = 788DD01923A3E455002B3F43 /* Find_My_DineUITests.swift */; };
		788DD03623A3E4E3002B3F43 /* AppDelegate.swift in Sources */ = {isa = PBXBuildFile; fileRef = 788DD02E23A3E4E3002B3F43 /* AppDelegate.swift */; };
		788DD03823A3E4E3002B3F43 /* AppDelegate.swift in Sources */ = {isa = PBXBuildFile; fileRef = 788DD02E23A3E4E3002B3F43 /* AppDelegate.swift */; };
		7890B1F723A66B7500BBFF7C /* APIParserTest.swift in Sources */ = {isa = PBXBuildFile; fileRef = 7890B1F623A66B7500BBFF7C /* APIParserTest.swift */; };
		7890B1FD23A6913B00BBFF7C /* 2.png in Resources */ = {isa = PBXBuildFile; fileRef = 7890B1FA23A6913B00BBFF7C /* 2.png */; };
		7890B1FE23A6913B00BBFF7C /* 3.png in Resources */ = {isa = PBXBuildFile; fileRef = 7890B1FB23A6913B00BBFF7C /* 3.png */; };
		7890B1FF23A6913B00BBFF7C /* 1.png in Resources */ = {isa = PBXBuildFile; fileRef = 7890B1FC23A6913B00BBFF7C /* 1.png */; };
		78ADF84223B505FD003EA082 /* RestaurantListViewModel.swift in Sources */ = {isa = PBXBuildFile; fileRef = 78ADF82323B505FD003EA082 /* RestaurantListViewModel.swift */; };
		78ADF84323B505FD003EA082 /* LocationListViewModel.swift in Sources */ = {isa = PBXBuildFile; fileRef = 78ADF82423B505FD003EA082 /* LocationListViewModel.swift */; };
		78ADF84423B505FD003EA082 /* RestaurantsData.swift in Sources */ = {isa = PBXBuildFile; fileRef = 78ADF82623B505FD003EA082 /* RestaurantsData.swift */; };
		78ADF84523B505FD003EA082 /* CityData.swift in Sources */ = {isa = PBXBuildFile; fileRef = 78ADF82723B505FD003EA082 /* CityData.swift */; };
		78ADF84623B505FD003EA082 /* ResponseData.swift in Sources */ = {isa = PBXBuildFile; fileRef = 78ADF82823B505FD003EA082 /* ResponseData.swift */; };
		78ADF84723B505FD003EA082 /* LocationListView.swift in Sources */ = {isa = PBXBuildFile; fileRef = 78ADF82B23B505FD003EA082 /* LocationListView.swift */; };
		78ADF84823B505FD003EA082 /* RestaurantListView.swift in Sources */ = {isa = PBXBuildFile; fileRef = 78ADF82C23B505FD003EA082 /* RestaurantListView.swift */; };
		78ADF84923B505FD003EA082 /* LocationCell.swift in Sources */ = {isa = PBXBuildFile; fileRef = 78ADF82E23B505FD003EA082 /* LocationCell.swift */; };
		78ADF84A23B505FD003EA082 /* RestaurantCell.swift in Sources */ = {isa = PBXBuildFile; fileRef = 78ADF82F23B505FD003EA082 /* RestaurantCell.swift */; };
		78ADF84B23B505FD003EA082 /* APIParser.swift in Sources */ = {isa = PBXBuildFile; fileRef = 78ADF83123B505FD003EA082 /* APIParser.swift */; };
		78ADF84C23B505FD003EA082 /* APIError.swift in Sources */ = {isa = PBXBuildFile; fileRef = 78ADF83223B505FD003EA082 /* APIError.swift */; };
		78ADF84D23B505FD003EA082 /* APIConstants.swift in Sources */ = {isa = PBXBuildFile; fileRef = 78ADF83323B505FD003EA082 /* APIConstants.swift */; };
		78ADF84E23B505FD003EA082 /* LaunchScreen.storyboard in Resources */ = {isa = PBXBuildFile; fileRef = 78ADF83523B505FD003EA082 /* LaunchScreen.storyboard */; };
		78ADF84F23B505FD003EA082 /* Main.storyboard in Resources */ = {isa = PBXBuildFile; fileRef = 78ADF83723B505FD003EA082 /* Main.storyboard */; };
		78ADF85023B505FD003EA082 /* AppConstants.swift in Sources */ = {isa = PBXBuildFile; fileRef = 78ADF83B23B505FD003EA082 /* AppConstants.swift */; };
		78ADF85123B505FD003EA082 /* AppUtils.swift in Sources */ = {isa = PBXBuildFile; fileRef = 78ADF83D23B505FD003EA082 /* AppUtils.swift */; };
		78ADF85223B505FD003EA082 /* AppExtensions.swift in Sources */ = {isa = PBXBuildFile; fileRef = 78ADF83F23B505FD003EA082 /* AppExtensions.swift */; };
		78ADF85323B505FD003EA082 /* Assets.xcassets in Resources */ = {isa = PBXBuildFile; fileRef = 78ADF84123B505FD003EA082 /* Assets.xcassets */; };
		78ADF85423B50E6E003EA082 /* APIParser.swift in Sources */ = {isa = PBXBuildFile; fileRef = 78ADF83123B505FD003EA082 /* APIParser.swift */; };
		78ADF85523B50E86003EA082 /* RestaurantsData.swift in Sources */ = {isa = PBXBuildFile; fileRef = 78ADF82623B505FD003EA082 /* RestaurantsData.swift */; };
		78ADF85623B50E91003EA082 /* APIConstants.swift in Sources */ = {isa = PBXBuildFile; fileRef = 78ADF83323B505FD003EA082 /* APIConstants.swift */; };
		78ADF85723B50F03003EA082 /* APIError.swift in Sources */ = {isa = PBXBuildFile; fileRef = 78ADF83223B505FD003EA082 /* APIError.swift */; };
		78ADF85823B50F17003EA082 /* ResponseData.swift in Sources */ = {isa = PBXBuildFile; fileRef = 78ADF82823B505FD003EA082 /* ResponseData.swift */; };
		78ADF85923B50F2F003EA082 /* AppConstants.swift in Sources */ = {isa = PBXBuildFile; fileRef = 78ADF83B23B505FD003EA082 /* AppConstants.swift */; };
		78ADF85B23B50F4D003EA082 /* AppConstants.swift in Sources */ = {isa = PBXBuildFile; fileRef = 78ADF83B23B505FD003EA082 /* AppConstants.swift */; };
		9F908FB83E960521E6417525 /* Pods_Find_My_Dine_Find_My_DineUITests.framework in Frameworks */ = {isa = PBXBuildFile; fileRef = 1DEEDBE361B19CE4B94952CC /* Pods_Find_My_Dine_Find_My_DineUITests.framework */; };
		F5CB13F4E608B7E2ED9A916E /* Pods_Find_My_DineTests.framework in Frameworks */ = {isa = PBXBuildFile; fileRef = 35FFB11CF5B95F1E3FB3C60D /* Pods_Find_My_DineTests.framework */; };
		FE42A9683233D24B5E1F547F /* Pods_Find_My_Dine.framework in Frameworks */ = {isa = PBXBuildFile; fileRef = DFEAB3CBF64AF55C84E9CD59 /* Pods_Find_My_Dine.framework */; };
/* End PBXBuildFile section */

/* Begin PBXContainerItemProxy section */
		788DD00B23A3E455002B3F43 /* PBXContainerItemProxy */ = {
			isa = PBXContainerItemProxy;
			containerPortal = 788DCFEE23A3E453002B3F43 /* Project object */;
			proxyType = 1;
			remoteGlobalIDString = 788DCFF523A3E453002B3F43;
			remoteInfo = "Find My Dine";
		};
		788DD01623A3E455002B3F43 /* PBXContainerItemProxy */ = {
			isa = PBXContainerItemProxy;
			containerPortal = 788DCFEE23A3E453002B3F43 /* Project object */;
			proxyType = 1;
			remoteGlobalIDString = 788DCFF523A3E453002B3F43;
			remoteInfo = "Find My Dine";
		};
/* End PBXContainerItemProxy section */

/* Begin PBXFileReference section */
		117FDBC03AC477B349A77373 /* Pods-Find My Dine.release.xcconfig */ = {isa = PBXFileReference; includeInIndex = 1; lastKnownFileType = text.xcconfig; name = "Pods-Find My Dine.release.xcconfig"; path = "Target Support Files/Pods-Find My Dine/Pods-Find My Dine.release.xcconfig"; sourceTree = "<group>"; };
		1BEA793C2F8680A5A86767F0 /* Pods-Find My DineTests.debug.xcconfig */ = {isa = PBXFileReference; includeInIndex = 1; lastKnownFileType = text.xcconfig; name = "Pods-Find My DineTests.debug.xcconfig"; path = "Target Support Files/Pods-Find My DineTests/Pods-Find My DineTests.debug.xcconfig"; sourceTree = "<group>"; };
		1DEEDBE361B19CE4B94952CC /* Pods_Find_My_Dine_Find_My_DineUITests.framework */ = {isa = PBXFileReference; explicitFileType = wrapper.framework; includeInIndex = 0; path = Pods_Find_My_Dine_Find_My_DineUITests.framework; sourceTree = BUILT_PRODUCTS_DIR; };
		35FFB11CF5B95F1E3FB3C60D /* Pods_Find_My_DineTests.framework */ = {isa = PBXFileReference; explicitFileType = wrapper.framework; includeInIndex = 0; path = Pods_Find_My_DineTests.framework; sourceTree = BUILT_PRODUCTS_DIR; };
		421F95B8DC2CC9E281C51017 /* Pods-Find My Dine-Find My DineUITests.release.xcconfig */ = {isa = PBXFileReference; includeInIndex = 1; lastKnownFileType = text.xcconfig; name = "Pods-Find My Dine-Find My DineUITests.release.xcconfig"; path = "Target Support Files/Pods-Find My Dine-Find My DineUITests/Pods-Find My Dine-Find My DineUITests.release.xcconfig"; sourceTree = "<group>"; };
		6D18FBA63D87DC0ED225AE00 /* Pods-Find My DineTests.release.xcconfig */ = {isa = PBXFileReference; includeInIndex = 1; lastKnownFileType = text.xcconfig; name = "Pods-Find My DineTests.release.xcconfig"; path = "Target Support Files/Pods-Find My DineTests/Pods-Find My DineTests.release.xcconfig"; sourceTree = "<group>"; };
		783C987023A6B1E800E1DB42 /* README.md */ = {isa = PBXFileReference; fileEncoding = 4; lastKnownFileType = net.daringfireball.markdown; path = README.md; sourceTree = "<group>"; };
		788DCFF623A3E453002B3F43 /* Find My Dine.app */ = {isa = PBXFileReference; explicitFileType = wrapper.application; includeInIndex = 0; path = "Find My Dine.app"; sourceTree = BUILT_PRODUCTS_DIR; };
		788DD00523A3E455002B3F43 /* Info.plist */ = {isa = PBXFileReference; lastKnownFileType = text.plist.xml; path = Info.plist; sourceTree = "<group>"; };
		788DD00A23A3E455002B3F43 /* Find My DineTests.xctest */ = {isa = PBXFileReference; explicitFileType = wrapper.cfbundle; includeInIndex = 0; path = "Find My DineTests.xctest"; sourceTree = BUILT_PRODUCTS_DIR; };
		788DD00E23A3E455002B3F43 /* Find_My_DineTests.swift */ = {isa = PBXFileReference; lastKnownFileType = sourcecode.swift; path = Find_My_DineTests.swift; sourceTree = "<group>"; };
		788DD01023A3E455002B3F43 /* Info.plist */ = {isa = PBXFileReference; lastKnownFileType = text.plist.xml; path = Info.plist; sourceTree = "<group>"; };
		788DD01523A3E455002B3F43 /* Find My DineUITests.xctest */ = {isa = PBXFileReference; explicitFileType = wrapper.cfbundle; includeInIndex = 0; path = "Find My DineUITests.xctest"; sourceTree = BUILT_PRODUCTS_DIR; };
		788DD01923A3E455002B3F43 /* Find_My_DineUITests.swift */ = {isa = PBXFileReference; lastKnownFileType = sourcecode.swift; path = Find_My_DineUITests.swift; sourceTree = "<group>"; };
		788DD01B23A3E455002B3F43 /* Info.plist */ = {isa = PBXFileReference; lastKnownFileType = text.plist.xml; path = Info.plist; sourceTree = "<group>"; };
		788DD02E23A3E4E3002B3F43 /* AppDelegate.swift */ = {isa = PBXFileReference; fileEncoding = 4; lastKnownFileType = sourcecode.swift; path = AppDelegate.swift; sourceTree = "<group>"; };
		7890B1F623A66B7500BBFF7C /* APIParserTest.swift */ = {isa = PBXFileReference; lastKnownFileType = sourcecode.swift; path = APIParserTest.swift; sourceTree = "<group>"; };
		7890B1FA23A6913B00BBFF7C /* 2.png */ = {isa = PBXFileReference; lastKnownFileType = image.png; path = 2.png; sourceTree = "<group>"; };
		7890B1FB23A6913B00BBFF7C /* 3.png */ = {isa = PBXFileReference; lastKnownFileType = image.png; path = 3.png; sourceTree = "<group>"; };
		7890B1FC23A6913B00BBFF7C /* 1.png */ = {isa = PBXFileReference; lastKnownFileType = image.png; path = 1.png; sourceTree = "<group>"; };
		78ADF82323B505FD003EA082 /* RestaurantListViewModel.swift */ = {isa = PBXFileReference; fileEncoding = 4; lastKnownFileType = sourcecode.swift; path = RestaurantListViewModel.swift; sourceTree = "<group>"; };
		78ADF82423B505FD003EA082 /* LocationListViewModel.swift */ = {isa = PBXFileReference; fileEncoding = 4; lastKnownFileType = sourcecode.swift; path = LocationListViewModel.swift; sourceTree = "<group>"; };
		78ADF82623B505FD003EA082 /* RestaurantsData.swift */ = {isa = PBXFileReference; fileEncoding = 4; lastKnownFileType = sourcecode.swift; path = RestaurantsData.swift; sourceTree = "<group>"; };
		78ADF82723B505FD003EA082 /* CityData.swift */ = {isa = PBXFileReference; fileEncoding = 4; lastKnownFileType = sourcecode.swift; path = CityData.swift; sourceTree = "<group>"; };
		78ADF82823B505FD003EA082 /* ResponseData.swift */ = {isa = PBXFileReference; fileEncoding = 4; lastKnownFileType = sourcecode.swift; path = ResponseData.swift; sourceTree = "<group>"; };
		78ADF82B23B505FD003EA082 /* LocationListView.swift */ = {isa = PBXFileReference; fileEncoding = 4; lastKnownFileType = sourcecode.swift; path = LocationListView.swift; sourceTree = "<group>"; };
		78ADF82C23B505FD003EA082 /* RestaurantListView.swift */ = {isa = PBXFileReference; fileEncoding = 4; lastKnownFileType = sourcecode.swift; path = RestaurantListView.swift; sourceTree = "<group>"; };
		78ADF82E23B505FD003EA082 /* LocationCell.swift */ = {isa = PBXFileReference; fileEncoding = 4; lastKnownFileType = sourcecode.swift; path = LocationCell.swift; sourceTree = "<group>"; };
		78ADF82F23B505FD003EA082 /* RestaurantCell.swift */ = {isa = PBXFileReference; fileEncoding = 4; lastKnownFileType = sourcecode.swift; path = RestaurantCell.swift; sourceTree = "<group>"; };
		78ADF83123B505FD003EA082 /* APIParser.swift */ = {isa = PBXFileReference; fileEncoding = 4; lastKnownFileType = sourcecode.swift; path = APIParser.swift; sourceTree = "<group>"; };
		78ADF83223B505FD003EA082 /* APIError.swift */ = {isa = PBXFileReference; fileEncoding = 4; lastKnownFileType = sourcecode.swift; path = APIError.swift; sourceTree = "<group>"; };
		78ADF83323B505FD003EA082 /* APIConstants.swift */ = {isa = PBXFileReference; fileEncoding = 4; lastKnownFileType = sourcecode.swift; path = APIConstants.swift; sourceTree = "<group>"; };
		78ADF83623B505FD003EA082 /* Base */ = {isa = PBXFileReference; lastKnownFileType = file.storyboard; name = Base; path = Base.lproj/LaunchScreen.storyboard; sourceTree = "<group>"; };
		78ADF83823B505FD003EA082 /* Base */ = {isa = PBXFileReference; lastKnownFileType = file.storyboard; name = Base; path = Base.lproj/Main.storyboard; sourceTree = "<group>"; };
		78ADF83B23B505FD003EA082 /* AppConstants.swift */ = {isa = PBXFileReference; fileEncoding = 4; lastKnownFileType = sourcecode.swift; path = AppConstants.swift; sourceTree = "<group>"; };
		78ADF83D23B505FD003EA082 /* AppUtils.swift */ = {isa = PBXFileReference; fileEncoding = 4; lastKnownFileType = sourcecode.swift; path = AppUtils.swift; sourceTree = "<group>"; };
		78ADF83F23B505FD003EA082 /* AppExtensions.swift */ = {isa = PBXFileReference; fileEncoding = 4; lastKnownFileType = sourcecode.swift; path = AppExtensions.swift; sourceTree = "<group>"; };
		78ADF84123B505FD003EA082 /* Assets.xcassets */ = {isa = PBXFileReference; lastKnownFileType = folder.assetcatalog; path = Assets.xcassets; sourceTree = "<group>"; };
		88611BD0896838A8813ABC91 /* Pods-Find My Dine-Find My DineUITests.debug.xcconfig */ = {isa = PBXFileReference; includeInIndex = 1; lastKnownFileType = text.xcconfig; name = "Pods-Find My Dine-Find My DineUITests.debug.xcconfig"; path = "Target Support Files/Pods-Find My Dine-Find My DineUITests/Pods-Find My Dine-Find My DineUITests.debug.xcconfig"; sourceTree = "<group>"; };
		A12AE4EC549953286102A6BA /* Pods-Find My Dine.debug.xcconfig */ = {isa = PBXFileReference; includeInIndex = 1; lastKnownFileType = text.xcconfig; name = "Pods-Find My Dine.debug.xcconfig"; path = "Target Support Files/Pods-Find My Dine/Pods-Find My Dine.debug.xcconfig"; sourceTree = "<group>"; };
		DFEAB3CBF64AF55C84E9CD59 /* Pods_Find_My_Dine.framework */ = {isa = PBXFileReference; explicitFileType = wrapper.framework; includeInIndex = 0; path = Pods_Find_My_Dine.framework; sourceTree = BUILT_PRODUCTS_DIR; };
/* End PBXFileReference section */

/* Begin PBXFrameworksBuildPhase section */
		788DCFF323A3E453002B3F43 /* Frameworks */ = {
			isa = PBXFrameworksBuildPhase;
			buildActionMask = 2147483647;
			files = (
				FE42A9683233D24B5E1F547F /* Pods_Find_My_Dine.framework in Frameworks */,
			);
			runOnlyForDeploymentPostprocessing = 0;
		};
		788DD00723A3E455002B3F43 /* Frameworks */ = {
			isa = PBXFrameworksBuildPhase;
			buildActionMask = 2147483647;
			files = (
				F5CB13F4E608B7E2ED9A916E /* Pods_Find_My_DineTests.framework in Frameworks */,
			);
			runOnlyForDeploymentPostprocessing = 0;
		};
		788DD01223A3E455002B3F43 /* Frameworks */ = {
			isa = PBXFrameworksBuildPhase;
			buildActionMask = 2147483647;
			files = (
				9F908FB83E960521E6417525 /* Pods_Find_My_Dine_Find_My_DineUITests.framework in Frameworks */,
			);
			runOnlyForDeploymentPostprocessing = 0;
		};
/* End PBXFrameworksBuildPhase section */

/* Begin PBXGroup section */
		5B860F6CF2E22E04ADD1F2E9 /* Pods */ = {
			isa = PBXGroup;
			children = (
				A12AE4EC549953286102A6BA /* Pods-Find My Dine.debug.xcconfig */,
				117FDBC03AC477B349A77373 /* Pods-Find My Dine.release.xcconfig */,
				88611BD0896838A8813ABC91 /* Pods-Find My Dine-Find My DineUITests.debug.xcconfig */,
				421F95B8DC2CC9E281C51017 /* Pods-Find My Dine-Find My DineUITests.release.xcconfig */,
				1BEA793C2F8680A5A86767F0 /* Pods-Find My DineTests.debug.xcconfig */,
				6D18FBA63D87DC0ED225AE00 /* Pods-Find My DineTests.release.xcconfig */,
			);
			path = Pods;
			sourceTree = "<group>";
		};
		733C387518ABD0C43FF520B7 /* Frameworks */ = {
			isa = PBXGroup;
			children = (
				DFEAB3CBF64AF55C84E9CD59 /* Pods_Find_My_Dine.framework */,
				1DEEDBE361B19CE4B94952CC /* Pods_Find_My_Dine_Find_My_DineUITests.framework */,
				35FFB11CF5B95F1E3FB3C60D /* Pods_Find_My_DineTests.framework */,
			);
			name = Frameworks;
			sourceTree = "<group>";
		};
		788DCFED23A3E453002B3F43 = {
			isa = PBXGroup;
			children = (
				783C987023A6B1E800E1DB42 /* README.md */,
				7890B1F923A6913B00BBFF7C /* Screenshots */,
				788DCFF823A3E453002B3F43 /* Find My Dine */,
				788DD00D23A3E455002B3F43 /* Find My DineTests */,
				788DD01823A3E455002B3F43 /* Find My DineUITests */,
				788DCFF723A3E453002B3F43 /* Products */,
				733C387518ABD0C43FF520B7 /* Frameworks */,
				5B860F6CF2E22E04ADD1F2E9 /* Pods */,
			);
			sourceTree = "<group>";
		};
		788DCFF723A3E453002B3F43 /* Products */ = {
			isa = PBXGroup;
			children = (
				788DCFF623A3E453002B3F43 /* Find My Dine.app */,
				788DD00A23A3E455002B3F43 /* Find My DineTests.xctest */,
				788DD01523A3E455002B3F43 /* Find My DineUITests.xctest */,
			);
			name = Products;
			sourceTree = "<group>";
		};
		788DCFF823A3E453002B3F43 /* Find My Dine */ = {
			isa = PBXGroup;
			children = (
				788DD02D23A3E4E3002B3F43 /* Delegate */,
				78ADF83923B505FD003EA082 /* Common */,
				78ADF83023B505FD003EA082 /* NetworkAPIs */,
				78ADF82123B505FD003EA082 /* Structure */,
				78ADF83423B505FD003EA082 /* Storyboard */,
				78ADF84023B505FD003EA082 /* Resources */,
				788DD00523A3E455002B3F43 /* Info.plist */,
			);
			path = "Find My Dine";
			sourceTree = "<group>";
		};
		788DD00D23A3E455002B3F43 /* Find My DineTests */ = {
			isa = PBXGroup;
			children = (
				788DD00E23A3E455002B3F43 /* Find_My_DineTests.swift */,
				788DD01023A3E455002B3F43 /* Info.plist */,
				7890B1F623A66B7500BBFF7C /* APIParserTest.swift */,
			);
			path = "Find My DineTests";
			sourceTree = "<group>";
		};
		788DD01823A3E455002B3F43 /* Find My DineUITests */ = {
			isa = PBXGroup;
			children = (
				788DD01923A3E455002B3F43 /* Find_My_DineUITests.swift */,
				788DD01B23A3E455002B3F43 /* Info.plist */,
			);
			path = "Find My DineUITests";
			sourceTree = "<group>";
		};
		788DD02D23A3E4E3002B3F43 /* Delegate */ = {
			isa = PBXGroup;
			children = (
				788DD02E23A3E4E3002B3F43 /* AppDelegate.swift */,
			);
			path = Delegate;
			sourceTree = "<group>";
		};
		7890B1F923A6913B00BBFF7C /* Screenshots */ = {
			isa = PBXGroup;
			children = (
				7890B1FC23A6913B00BBFF7C /* 1.png */,
				7890B1FA23A6913B00BBFF7C /* 2.png */,
				7890B1FB23A6913B00BBFF7C /* 3.png */,
			);
			path = Screenshots;
			sourceTree = "<group>";
		};
		78ADF82123B505FD003EA082 /* Structure */ = {
			isa = PBXGroup;
			children = (
				78ADF82523B505FD003EA082 /* Model */,
				78ADF82923B505FD003EA082 /* View */,
				78ADF82223B505FD003EA082 /* ViewModel */,
			);
			path = Structure;
			sourceTree = "<group>";
		};
		78ADF82223B505FD003EA082 /* ViewModel */ = {
			isa = PBXGroup;
			children = (
				78ADF82323B505FD003EA082 /* RestaurantListViewModel.swift */,
				78ADF82423B505FD003EA082 /* LocationListViewModel.swift */,
			);
			path = ViewModel;
			sourceTree = "<group>";
		};
		78ADF82523B505FD003EA082 /* Model */ = {
			isa = PBXGroup;
			children = (
				78ADF82623B505FD003EA082 /* RestaurantsData.swift */,
				78ADF82723B505FD003EA082 /* CityData.swift */,
				78ADF82823B505FD003EA082 /* ResponseData.swift */,
			);
			path = Model;
			sourceTree = "<group>";
		};
		78ADF82923B505FD003EA082 /* View */ = {
			isa = PBXGroup;
			children = (
				78ADF82A23B505FD003EA082 /* Controllers */,
				78ADF82D23B505FD003EA082 /* CustomCell */,
			);
			path = View;
			sourceTree = "<group>";
		};
		78ADF82A23B505FD003EA082 /* Controllers */ = {
			isa = PBXGroup;
			children = (
				78ADF82B23B505FD003EA082 /* LocationListView.swift */,
				78ADF82C23B505FD003EA082 /* RestaurantListView.swift */,
			);
			path = Controllers;
			sourceTree = "<group>";
		};
		78ADF82D23B505FD003EA082 /* CustomCell */ = {
			isa = PBXGroup;
			children = (
				78ADF82E23B505FD003EA082 /* LocationCell.swift */,
				78ADF82F23B505FD003EA082 /* RestaurantCell.swift */,
			);
			path = CustomCell;
			sourceTree = "<group>";
		};
		78ADF83023B505FD003EA082 /* NetworkAPIs */ = {
			isa = PBXGroup;
			children = (
				78ADF83123B505FD003EA082 /* APIParser.swift */,
				78ADF83223B505FD003EA082 /* APIError.swift */,
				78ADF83323B505FD003EA082 /* APIConstants.swift */,
			);
			path = NetworkAPIs;
			sourceTree = "<group>";
		};
		78ADF83423B505FD003EA082 /* Storyboard */ = {
			isa = PBXGroup;
			children = (
				78ADF83523B505FD003EA082 /* LaunchScreen.storyboard */,
				78ADF83723B505FD003EA082 /* Main.storyboard */,
			);
			path = Storyboard;
			sourceTree = "<group>";
		};
		78ADF83923B505FD003EA082 /* Common */ = {
			isa = PBXGroup;
			children = (
				78ADF83A23B505FD003EA082 /* Constants */,
				78ADF83C23B505FD003EA082 /* Utils */,
				78ADF83E23B505FD003EA082 /* Extensions */,
			);
			path = Common;
			sourceTree = "<group>";
		};
		78ADF83A23B505FD003EA082 /* Constants */ = {
			isa = PBXGroup;
			children = (
				78ADF83B23B505FD003EA082 /* AppConstants.swift */,
			);
			path = Constants;
			sourceTree = "<group>";
		};
		78ADF83C23B505FD003EA082 /* Utils */ = {
			isa = PBXGroup;
			children = (
				78ADF83D23B505FD003EA082 /* AppUtils.swift */,
			);
			path = Utils;
			sourceTree = "<group>";
		};
		78ADF83E23B505FD003EA082 /* Extensions */ = {
			isa = PBXGroup;
			children = (
				78ADF83F23B505FD003EA082 /* AppExtensions.swift */,
			);
			path = Extensions;
			sourceTree = "<group>";
		};
		78ADF84023B505FD003EA082 /* Resources */ = {
			isa = PBXGroup;
			children = (
				78ADF84123B505FD003EA082 /* Assets.xcassets */,
			);
			path = Resources;
			sourceTree = "<group>";
		};
/* End PBXGroup section */

/* Begin PBXNativeTarget section */
		788DCFF523A3E453002B3F43 /* Find My Dine */ = {
			isa = PBXNativeTarget;
			buildConfigurationList = 788DD01E23A3E455002B3F43 /* Build configuration list for PBXNativeTarget "Find My Dine" */;
			buildPhases = (
				433F252B054D4C159309AA26 /* [CP] Check Pods Manifest.lock */,
				788DCFF223A3E453002B3F43 /* Sources */,
				788DCFF323A3E453002B3F43 /* Frameworks */,
				788DCFF423A3E453002B3F43 /* Resources */,
				BB251316EE7B208603E6AF40 /* [CP] Embed Pods Frameworks */,
			);
			buildRules = (
			);
			dependencies = (
			);
			name = "Find My Dine";
			productName = "Find My Dine";
			productReference = 788DCFF623A3E453002B3F43 /* Find My Dine.app */;
			productType = "com.apple.product-type.application";
		};
		788DD00923A3E455002B3F43 /* Find My DineTests */ = {
			isa = PBXNativeTarget;
			buildConfigurationList = 788DD02123A3E455002B3F43 /* Build configuration list for PBXNativeTarget "Find My DineTests" */;
			buildPhases = (
				AD9D2983794E885B9F84EC3A /* [CP] Check Pods Manifest.lock */,
				788DD00623A3E455002B3F43 /* Sources */,
				788DD00723A3E455002B3F43 /* Frameworks */,
				788DD00823A3E455002B3F43 /* Resources */,
			);
			buildRules = (
			);
			dependencies = (
				788DD00C23A3E455002B3F43 /* PBXTargetDependency */,
			);
			name = "Find My DineTests";
			productName = "Find My DineTests";
			productReference = 788DD00A23A3E455002B3F43 /* Find My DineTests.xctest */;
			productType = "com.apple.product-type.bundle.unit-test";
		};
		788DD01423A3E455002B3F43 /* Find My DineUITests */ = {
			isa = PBXNativeTarget;
			buildConfigurationList = 788DD02423A3E455002B3F43 /* Build configuration list for PBXNativeTarget "Find My DineUITests" */;
			buildPhases = (
				7E2D89DDA5C9581520AC788E /* [CP] Check Pods Manifest.lock */,
				788DD01123A3E455002B3F43 /* Sources */,
				788DD01223A3E455002B3F43 /* Frameworks */,
				788DD01323A3E455002B3F43 /* Resources */,
				3E65EC6D4C8E4ED4F881E89B /* [CP] Embed Pods Frameworks */,
			);
			buildRules = (
			);
			dependencies = (
				788DD01723A3E455002B3F43 /* PBXTargetDependency */,
			);
			name = "Find My DineUITests";
			productName = "Find My DineUITests";
			productReference = 788DD01523A3E455002B3F43 /* Find My DineUITests.xctest */;
			productType = "com.apple.product-type.bundle.ui-testing";
		};
/* End PBXNativeTarget section */

/* Begin PBXProject section */
		788DCFEE23A3E453002B3F43 /* Project object */ = {
			isa = PBXProject;
			attributes = {
				LastSwiftUpdateCheck = 1010;
				LastUpgradeCheck = 1010;
				ORGANIZATIONNAME = "Manan Sheth";
				TargetAttributes = {
					788DCFF523A3E453002B3F43 = {
						CreatedOnToolsVersion = 10.1;
						SystemCapabilities = {
							com.apple.ApplicationGroups.iOS = {
								enabled = 0;
							};
						};
					};
					788DD00923A3E455002B3F43 = {
						CreatedOnToolsVersion = 10.1;
						TestTargetID = 788DCFF523A3E453002B3F43;
					};
					788DD01423A3E455002B3F43 = {
						CreatedOnToolsVersion = 10.1;
						TestTargetID = 788DCFF523A3E453002B3F43;
					};
				};
			};
			buildConfigurationList = 788DCFF123A3E453002B3F43 /* Build configuration list for PBXProject "Find My Dine" */;
			compatibilityVersion = "Xcode 9.3";
			developmentRegion = en;
			hasScannedForEncodings = 0;
			knownRegions = (
				en,
				Base,
			);
			mainGroup = 788DCFED23A3E453002B3F43;
			productRefGroup = 788DCFF723A3E453002B3F43 /* Products */;
			projectDirPath = "";
			projectRoot = "";
			targets = (
				788DCFF523A3E453002B3F43 /* Find My Dine */,
				788DD00923A3E455002B3F43 /* Find My DineTests */,
				788DD01423A3E455002B3F43 /* Find My DineUITests */,
			);
		};
/* End PBXProject section */

/* Begin PBXResourcesBuildPhase section */
		788DCFF423A3E453002B3F43 /* Resources */ = {
			isa = PBXResourcesBuildPhase;
			buildActionMask = 2147483647;
			files = (
				7890B1FE23A6913B00BBFF7C /* 3.png in Resources */,
				78ADF84E23B505FD003EA082 /* LaunchScreen.storyboard in Resources */,
				78ADF85323B505FD003EA082 /* Assets.xcassets in Resources */,
				783C987123A6B1E800E1DB42 /* README.md in Resources */,
				7890B1FF23A6913B00BBFF7C /* 1.png in Resources */,
				78ADF84F23B505FD003EA082 /* Main.storyboard in Resources */,
				7890B1FD23A6913B00BBFF7C /* 2.png in Resources */,
			);
			runOnlyForDeploymentPostprocessing = 0;
		};
		788DD00823A3E455002B3F43 /* Resources */ = {
			isa = PBXResourcesBuildPhase;
			buildActionMask = 2147483647;
			files = (
			);
			runOnlyForDeploymentPostprocessing = 0;
		};
		788DD01323A3E455002B3F43 /* Resources */ = {
			isa = PBXResourcesBuildPhase;
			buildActionMask = 2147483647;
			files = (
			);
			runOnlyForDeploymentPostprocessing = 0;
		};
/* End PBXResourcesBuildPhase section */

/* Begin PBXShellScriptBuildPhase section */
		3E65EC6D4C8E4ED4F881E89B /* [CP] Embed Pods Frameworks */ = {
			isa = PBXShellScriptBuildPhase;
			buildActionMask = 2147483647;
			files = (
			);
			inputFileListPaths = (
				"${PODS_ROOT}/Target Support Files/Pods-Find My Dine-Find My DineUITests/Pods-Find My Dine-Find My DineUITests-frameworks-${CONFIGURATION}-input-files.xcfilelist",
			);
			name = "[CP] Embed Pods Frameworks";
			outputFileListPaths = (
				"${PODS_ROOT}/Target Support Files/Pods-Find My Dine-Find My DineUITests/Pods-Find My Dine-Find My DineUITests-frameworks-${CONFIGURATION}-output-files.xcfilelist",
			);
			runOnlyForDeploymentPostprocessing = 0;
			shellPath = /bin/sh;
			shellScript = "\"${PODS_ROOT}/Target Support Files/Pods-Find My Dine-Find My DineUITests/Pods-Find My Dine-Find My DineUITests-frameworks.sh\"\n";
			showEnvVarsInLog = 0;
		};
		433F252B054D4C159309AA26 /* [CP] Check Pods Manifest.lock */ = {
			isa = PBXShellScriptBuildPhase;
			buildActionMask = 2147483647;
			files = (
			);
			inputFileListPaths = (
			);
			inputPaths = (
				"${PODS_PODFILE_DIR_PATH}/Podfile.lock",
				"${PODS_ROOT}/Manifest.lock",
			);
			name = "[CP] Check Pods Manifest.lock";
			outputFileListPaths = (
			);
			outputPaths = (
				"$(DERIVED_FILE_DIR)/Pods-Find My Dine-checkManifestLockResult.txt",
			);
			runOnlyForDeploymentPostprocessing = 0;
			shellPath = /bin/sh;
			shellScript = "diff \"${PODS_PODFILE_DIR_PATH}/Podfile.lock\" \"${PODS_ROOT}/Manifest.lock\" > /dev/null\nif [ $? != 0 ] ; then\n    # print error to STDERR\n    echo \"error: The sandbox is not in sync with the Podfile.lock. Run 'pod install' or update your CocoaPods installation.\" >&2\n    exit 1\nfi\n# This output is used by Xcode 'outputs' to avoid re-running this script phase.\necho \"SUCCESS\" > \"${SCRIPT_OUTPUT_FILE_0}\"\n";
			showEnvVarsInLog = 0;
		};
		7E2D89DDA5C9581520AC788E /* [CP] Check Pods Manifest.lock */ = {
			isa = PBXShellScriptBuildPhase;
			buildActionMask = 2147483647;
			files = (
			);
			inputFileListPaths = (
			);
			inputPaths = (
				"${PODS_PODFILE_DIR_PATH}/Podfile.lock",
				"${PODS_ROOT}/Manifest.lock",
			);
			name = "[CP] Check Pods Manifest.lock";
			outputFileListPaths = (
			);
			outputPaths = (
				"$(DERIVED_FILE_DIR)/Pods-Find My Dine-Find My DineUITests-checkManifestLockResult.txt",
			);
			runOnlyForDeploymentPostprocessing = 0;
			shellPath = /bin/sh;
			shellScript = "diff \"${PODS_PODFILE_DIR_PATH}/Podfile.lock\" \"${PODS_ROOT}/Manifest.lock\" > /dev/null\nif [ $? != 0 ] ; then\n    # print error to STDERR\n    echo \"error: The sandbox is not in sync with the Podfile.lock. Run 'pod install' or update your CocoaPods installation.\" >&2\n    exit 1\nfi\n# This output is used by Xcode 'outputs' to avoid re-running this script phase.\necho \"SUCCESS\" > \"${SCRIPT_OUTPUT_FILE_0}\"\n";
			showEnvVarsInLog = 0;
		};
		AD9D2983794E885B9F84EC3A /* [CP] Check Pods Manifest.lock */ = {
			isa = PBXShellScriptBuildPhase;
			buildActionMask = 2147483647;
			files = (
			);
			inputFileListPaths = (
			);
			inputPaths = (
				"${PODS_PODFILE_DIR_PATH}/Podfile.lock",
				"${PODS_ROOT}/Manifest.lock",
			);
			name = "[CP] Check Pods Manifest.lock";
			outputFileListPaths = (
			);
			outputPaths = (
				"$(DERIVED_FILE_DIR)/Pods-Find My DineTests-checkManifestLockResult.txt",
			);
			runOnlyForDeploymentPostprocessing = 0;
			shellPath = /bin/sh;
			shellScript = "diff \"${PODS_PODFILE_DIR_PATH}/Podfile.lock\" \"${PODS_ROOT}/Manifest.lock\" > /dev/null\nif [ $? != 0 ] ; then\n    # print error to STDERR\n    echo \"error: The sandbox is not in sync with the Podfile.lock. Run 'pod install' or update your CocoaPods installation.\" >&2\n    exit 1\nfi\n# This output is used by Xcode 'outputs' to avoid re-running this script phase.\necho \"SUCCESS\" > \"${SCRIPT_OUTPUT_FILE_0}\"\n";
			showEnvVarsInLog = 0;
		};
		BB251316EE7B208603E6AF40 /* [CP] Embed Pods Frameworks */ = {
			isa = PBXShellScriptBuildPhase;
			buildActionMask = 2147483647;
			files = (
			);
			inputFileListPaths = (
				"${PODS_ROOT}/Target Support Files/Pods-Find My Dine/Pods-Find My Dine-frameworks-${CONFIGURATION}-input-files.xcfilelist",
			);
			name = "[CP] Embed Pods Frameworks";
			outputFileListPaths = (
				"${PODS_ROOT}/Target Support Files/Pods-Find My Dine/Pods-Find My Dine-frameworks-${CONFIGURATION}-output-files.xcfilelist",
			);
			runOnlyForDeploymentPostprocessing = 0;
			shellPath = /bin/sh;
			shellScript = "\"${PODS_ROOT}/Target Support Files/Pods-Find My Dine/Pods-Find My Dine-frameworks.sh\"\n";
			showEnvVarsInLog = 0;
		};
/* End PBXShellScriptBuildPhase section */

/* Begin PBXSourcesBuildPhase section */
		788DCFF223A3E453002B3F43 /* Sources */ = {
			isa = PBXSourcesBuildPhase;
			buildActionMask = 2147483647;
			files = (
				78ADF84A23B505FD003EA082 /* RestaurantCell.swift in Sources */,
				78ADF84D23B505FD003EA082 /* APIConstants.swift in Sources */,
				78ADF84223B505FD003EA082 /* RestaurantListViewModel.swift in Sources */,
				788DD03623A3E4E3002B3F43 /* AppDelegate.swift in Sources */,
				78ADF84B23B505FD003EA082 /* APIParser.swift in Sources */,
				78ADF84623B505FD003EA082 /* ResponseData.swift in Sources */,
				78ADF84423B505FD003EA082 /* RestaurantsData.swift in Sources */,
				78ADF85123B505FD003EA082 /* AppUtils.swift in Sources */,
				78ADF84723B505FD003EA082 /* LocationListView.swift in Sources */,
				78ADF84523B505FD003EA082 /* CityData.swift in Sources */,
				78ADF84923B505FD003EA082 /* LocationCell.swift in Sources */,
				78ADF85023B505FD003EA082 /* AppConstants.swift in Sources */,
				78ADF84823B505FD003EA082 /* RestaurantListView.swift in Sources */,
				78ADF84323B505FD003EA082 /* LocationListViewModel.swift in Sources */,
				78ADF85223B505FD003EA082 /* AppExtensions.swift in Sources */,
				78ADF84C23B505FD003EA082 /* APIError.swift in Sources */,
			);
			runOnlyForDeploymentPostprocessing = 0;
		};
		788DD00623A3E455002B3F43 /* Sources */ = {
			isa = PBXSourcesBuildPhase;
			buildActionMask = 2147483647;
			files = (
				7890B1F723A66B7500BBFF7C /* APIParserTest.swift in Sources */,
				78ADF85823B50F17003EA082 /* ResponseData.swift in Sources */,
				78ADF85623B50E91003EA082 /* APIConstants.swift in Sources */,
				78ADF85923B50F2F003EA082 /* AppConstants.swift in Sources */,
				78ADF85423B50E6E003EA082 /* APIParser.swift in Sources */,
				78ADF85523B50E86003EA082 /* RestaurantsData.swift in Sources */,
				788DD00F23A3E455002B3F43 /* Find_My_DineTests.swift in Sources */,
				78ADF85723B50F03003EA082 /* APIError.swift in Sources */,
			);
			runOnlyForDeploymentPostprocessing = 0;
		};
		788DD01123A3E455002B3F43 /* Sources */ = {
			isa = PBXSourcesBuildPhase;
			buildActionMask = 2147483647;
			files = (
				788DD03823A3E4E3002B3F43 /* AppDelegate.swift in Sources */,
				78ADF85B23B50F4D003EA082 /* AppConstants.swift in Sources */,
				788DD01A23A3E455002B3F43 /* Find_My_DineUITests.swift in Sources */,
			);
			runOnlyForDeploymentPostprocessing = 0;
		};
/* End PBXSourcesBuildPhase section */

/* Begin PBXTargetDependency section */
		788DD00C23A3E455002B3F43 /* PBXTargetDependency */ = {
			isa = PBXTargetDependency;
			target = 788DCFF523A3E453002B3F43 /* Find My Dine */;
			targetProxy = 788DD00B23A3E455002B3F43 /* PBXContainerItemProxy */;
		};
		788DD01723A3E455002B3F43 /* PBXTargetDependency */ = {
			isa = PBXTargetDependency;
			target = 788DCFF523A3E453002B3F43 /* Find My Dine */;
			targetProxy = 788DD01623A3E455002B3F43 /* PBXContainerItemProxy */;
		};
/* End PBXTargetDependency section */

/* Begin PBXVariantGroup section */
		78ADF83523B505FD003EA082 /* LaunchScreen.storyboard */ = {
			isa = PBXVariantGroup;
			children = (
				78ADF83623B505FD003EA082 /* Base */,
			);
			name = LaunchScreen.storyboard;
			sourceTree = "<group>";
		};
		78ADF83723B505FD003EA082 /* Main.storyboard */ = {
			isa = PBXVariantGroup;
			children = (
				78ADF83823B505FD003EA082 /* Base */,
			);
			name = Main.storyboard;
			sourceTree = "<group>";
		};
/* End PBXVariantGroup section */

/* Begin XCBuildConfiguration section */
		788DD01C23A3E455002B3F43 /* Debug */ = {
			isa = XCBuildConfiguration;
			buildSettings = {
				ALWAYS_SEARCH_USER_PATHS = NO;
				CLANG_ANALYZER_NONNULL = YES;
				CLANG_ANALYZER_NUMBER_OBJECT_CONVERSION = YES_AGGRESSIVE;
				CLANG_CXX_LANGUAGE_STANDARD = "gnu++14";
				CLANG_CXX_LIBRARY = "libc++";
				CLANG_ENABLE_MODULES = YES;
				CLANG_ENABLE_OBJC_ARC = YES;
				CLANG_ENABLE_OBJC_WEAK = YES;
				CLANG_WARN_BLOCK_CAPTURE_AUTORELEASING = YES;
				CLANG_WARN_BOOL_CONVERSION = YES;
				CLANG_WARN_COMMA = YES;
				CLANG_WARN_CONSTANT_CONVERSION = YES;
				CLANG_WARN_DEPRECATED_OBJC_IMPLEMENTATIONS = YES;
				CLANG_WARN_DIRECT_OBJC_ISA_USAGE = YES_ERROR;
				CLANG_WARN_DOCUMENTATION_COMMENTS = YES;
				CLANG_WARN_EMPTY_BODY = YES;
				CLANG_WARN_ENUM_CONVERSION = YES;
				CLANG_WARN_INFINITE_RECURSION = YES;
				CLANG_WARN_INT_CONVERSION = YES;
				CLANG_WARN_NON_LITERAL_NULL_CONVERSION = YES;
				CLANG_WARN_OBJC_IMPLICIT_RETAIN_SELF = YES;
				CLANG_WARN_OBJC_LITERAL_CONVERSION = YES;
				CLANG_WARN_OBJC_ROOT_CLASS = YES_ERROR;
				CLANG_WARN_RANGE_LOOP_ANALYSIS = YES;
				CLANG_WARN_STRICT_PROTOTYPES = YES;
				CLANG_WARN_SUSPICIOUS_MOVE = YES;
				CLANG_WARN_UNGUARDED_AVAILABILITY = YES_AGGRESSIVE;
				CLANG_WARN_UNREACHABLE_CODE = YES;
				CLANG_WARN__DUPLICATE_METHOD_MATCH = YES;
				CODE_SIGN_IDENTITY = "iPhone Developer";
				COPY_PHASE_STRIP = NO;
				DEBUG_INFORMATION_FORMAT = dwarf;
				ENABLE_STRICT_OBJC_MSGSEND = YES;
				ENABLE_TESTABILITY = YES;
				GCC_C_LANGUAGE_STANDARD = gnu11;
				GCC_DYNAMIC_NO_PIC = NO;
				GCC_NO_COMMON_BLOCKS = YES;
				GCC_OPTIMIZATION_LEVEL = 0;
				GCC_PREPROCESSOR_DEFINITIONS = (
					"DEBUG=1",
					"$(inherited)",
				);
				GCC_WARN_64_TO_32_BIT_CONVERSION = YES;
				GCC_WARN_ABOUT_RETURN_TYPE = YES_ERROR;
				GCC_WARN_UNDECLARED_SELECTOR = YES;
				GCC_WARN_UNINITIALIZED_AUTOS = YES_AGGRESSIVE;
				GCC_WARN_UNUSED_FUNCTION = YES;
				GCC_WARN_UNUSED_VARIABLE = YES;
				IPHONEOS_DEPLOYMENT_TARGET = 12.1;
				MTL_ENABLE_DEBUG_INFO = INCLUDE_SOURCE;
				MTL_FAST_MATH = YES;
				ONLY_ACTIVE_ARCH = YES;
				SDKROOT = iphoneos;
				SWIFT_ACTIVE_COMPILATION_CONDITIONS = DEBUG;
				SWIFT_OPTIMIZATION_LEVEL = "-Onone";
			};
			name = Debug;
		};
		788DD01D23A3E455002B3F43 /* Release */ = {
			isa = XCBuildConfiguration;
			buildSettings = {
				ALWAYS_SEARCH_USER_PATHS = NO;
				CLANG_ANALYZER_NONNULL = YES;
				CLANG_ANALYZER_NUMBER_OBJECT_CONVERSION = YES_AGGRESSIVE;
				CLANG_CXX_LANGUAGE_STANDARD = "gnu++14";
				CLANG_CXX_LIBRARY = "libc++";
				CLANG_ENABLE_MODULES = YES;
				CLANG_ENABLE_OBJC_ARC = YES;
				CLANG_ENABLE_OBJC_WEAK = YES;
				CLANG_WARN_BLOCK_CAPTURE_AUTORELEASING = YES;
				CLANG_WARN_BOOL_CONVERSION = YES;
				CLANG_WARN_COMMA = YES;
				CLANG_WARN_CONSTANT_CONVERSION = YES;
				CLANG_WARN_DEPRECATED_OBJC_IMPLEMENTATIONS = YES;
				CLANG_WARN_DIRECT_OBJC_ISA_USAGE = YES_ERROR;
				CLANG_WARN_DOCUMENTATION_COMMENTS = YES;
				CLANG_WARN_EMPTY_BODY = YES;
				CLANG_WARN_ENUM_CONVERSION = YES;
				CLANG_WARN_INFINITE_RECURSION = YES;
				CLANG_WARN_INT_CONVERSION = YES;
				CLANG_WARN_NON_LITERAL_NULL_CONVERSION = YES;
				CLANG_WARN_OBJC_IMPLICIT_RETAIN_SELF = YES;
				CLANG_WARN_OBJC_LITERAL_CONVERSION = YES;
				CLANG_WARN_OBJC_ROOT_CLASS = YES_ERROR;
				CLANG_WARN_RANGE_LOOP_ANALYSIS = YES;
				CLANG_WARN_STRICT_PROTOTYPES = YES;
				CLANG_WARN_SUSPICIOUS_MOVE = YES;
				CLANG_WARN_UNGUARDED_AVAILABILITY = YES_AGGRESSIVE;
				CLANG_WARN_UNREACHABLE_CODE = YES;
				CLANG_WARN__DUPLICATE_METHOD_MATCH = YES;
				CODE_SIGN_IDENTITY = "iPhone Developer";
				COPY_PHASE_STRIP = NO;
				DEBUG_INFORMATION_FORMAT = "dwarf-with-dsym";
				ENABLE_NS_ASSERTIONS = NO;
				ENABLE_STRICT_OBJC_MSGSEND = YES;
				GCC_C_LANGUAGE_STANDARD = gnu11;
				GCC_NO_COMMON_BLOCKS = YES;
				GCC_WARN_64_TO_32_BIT_CONVERSION = YES;
				GCC_WARN_ABOUT_RETURN_TYPE = YES_ERROR;
				GCC_WARN_UNDECLARED_SELECTOR = YES;
				GCC_WARN_UNINITIALIZED_AUTOS = YES_AGGRESSIVE;
				GCC_WARN_UNUSED_FUNCTION = YES;
				GCC_WARN_UNUSED_VARIABLE = YES;
				IPHONEOS_DEPLOYMENT_TARGET = 12.1;
				MTL_ENABLE_DEBUG_INFO = NO;
				MTL_FAST_MATH = YES;
				SDKROOT = iphoneos;
				SWIFT_COMPILATION_MODE = wholemodule;
				SWIFT_OPTIMIZATION_LEVEL = "-O";
				VALIDATE_PRODUCT = YES;
			};
			name = Release;
		};
		788DD01F23A3E455002B3F43 /* Debug */ = {
			isa = XCBuildConfiguration;
			baseConfigurationReference = A12AE4EC549953286102A6BA /* Pods-Find My Dine.debug.xcconfig */;
			buildSettings = {
				ASSETCATALOG_COMPILER_APPICON_NAME = AppIcon;
				CODE_SIGN_STYLE = Automatic;
				DEVELOPMENT_TEAM = 3U29W7E22K;
				INFOPLIST_FILE = "Find My Dine/Info.plist";
				LD_RUNPATH_SEARCH_PATHS = (
					"$(inherited)",
					"@executable_path/Frameworks",
				);
				PRODUCT_BUNDLE_IDENTIFIER = "com.ms.Find-My-Dine";
				PRODUCT_NAME = "$(TARGET_NAME)";
				SWIFT_VERSION = 4.2;
				TARGETED_DEVICE_FAMILY = "1,2";
			};
			name = Debug;
		};
		788DD02023A3E455002B3F43 /* Release */ = {
			isa = XCBuildConfiguration;
			baseConfigurationReference = 117FDBC03AC477B349A77373 /* Pods-Find My Dine.release.xcconfig */;
			buildSettings = {
				ASSETCATALOG_COMPILER_APPICON_NAME = AppIcon;
				CODE_SIGN_STYLE = Automatic;
				DEVELOPMENT_TEAM = 3U29W7E22K;
				INFOPLIST_FILE = "Find My Dine/Info.plist";
				LD_RUNPATH_SEARCH_PATHS = (
					"$(inherited)",
					"@executable_path/Frameworks",
				);
				PRODUCT_BUNDLE_IDENTIFIER = "com.ms.Find-My-Dine";
				PRODUCT_NAME = "$(TARGET_NAME)";
				SWIFT_VERSION = 4.2;
				TARGETED_DEVICE_FAMILY = "1,2";
			};
			name = Release;
		};
		788DD02223A3E455002B3F43 /* Debug */ = {
			isa = XCBuildConfiguration;
			baseConfigurationReference = 1BEA793C2F8680A5A86767F0 /* Pods-Find My DineTests.debug.xcconfig */;
			buildSettings = {
				ALWAYS_EMBED_SWIFT_STANDARD_LIBRARIES = YES;
				BUNDLE_LOADER = "$(TEST_HOST)";
				CODE_SIGN_STYLE = Automatic;
				DEVELOPMENT_TEAM = 3U29W7E22K;
				INFOPLIST_FILE = "Find My DineTests/Info.plist";
				LD_RUNPATH_SEARCH_PATHS = (
					"$(inherited)",
					"@executable_path/Frameworks",
					"@loader_path/Frameworks",
				);
				PRODUCT_BUNDLE_IDENTIFIER = "com.ms.Find-My-DineTests";
				PRODUCT_NAME = "$(TARGET_NAME)";
				SWIFT_VERSION = 4.2;
				TARGETED_DEVICE_FAMILY = "1,2";
				TEST_HOST = "$(BUILT_PRODUCTS_DIR)/Find My Dine.app/Find My Dine";
			};
			name = Debug;
		};
		788DD02323A3E455002B3F43 /* Release */ = {
			isa = XCBuildConfiguration;
			baseConfigurationReference = 6D18FBA63D87DC0ED225AE00 /* Pods-Find My DineTests.release.xcconfig */;
			buildSettings = {
				ALWAYS_EMBED_SWIFT_STANDARD_LIBRARIES = YES;
				BUNDLE_LOADER = "$(TEST_HOST)";
				CODE_SIGN_STYLE = Automatic;
				DEVELOPMENT_TEAM = 3U29W7E22K;
				INFOPLIST_FILE = "Find My DineTests/Info.plist";
				LD_RUNPATH_SEARCH_PATHS = (
					"$(inherited)",
					"@executable_path/Frameworks",
					"@loader_path/Frameworks",
				);
				PRODUCT_BUNDLE_IDENTIFIER = "com.ms.Find-My-DineTests";
				PRODUCT_NAME = "$(TARGET_NAME)";
				SWIFT_VERSION = 4.2;
				TARGETED_DEVICE_FAMILY = "1,2";
				TEST_HOST = "$(BUILT_PRODUCTS_DIR)/Find My Dine.app/Find My Dine";
			};
			name = Release;
		};
		788DD02523A3E455002B3F43 /* Debug */ = {
			isa = XCBuildConfiguration;
			baseConfigurationReference = 88611BD0896838A8813ABC91 /* Pods-Find My Dine-Find My DineUITests.debug.xcconfig */;
			buildSettings = {
				ALWAYS_EMBED_SWIFT_STANDARD_LIBRARIES = YES;
				CODE_SIGN_STYLE = Automatic;
				DEVELOPMENT_TEAM = 3U29W7E22K;
				INFOPLIST_FILE = "Find My DineUITests/Info.plist";
				LD_RUNPATH_SEARCH_PATHS = (
					"$(inherited)",
					"@executable_path/Frameworks",
					"@loader_path/Frameworks",
				);
				PRODUCT_BUNDLE_IDENTIFIER = "com.ms.Find-My-DineUITests";
				PRODUCT_NAME = "$(TARGET_NAME)";
				SWIFT_VERSION = 4.2;
				TARGETED_DEVICE_FAMILY = "1,2";
				TEST_TARGET_NAME = "Find My Dine";
			};
			name = Debug;
		};
		788DD02623A3E455002B3F43 /* Release */ = {
			isa = XCBuildConfiguration;
			baseConfigurationReference = 421F95B8DC2CC9E281C51017 /* Pods-Find My Dine-Find My DineUITests.release.xcconfig */;
			buildSettings = {
				ALWAYS_EMBED_SWIFT_STANDARD_LIBRARIES = YES;
				CODE_SIGN_STYLE = Automatic;
				DEVELOPMENT_TEAM = 3U29W7E22K;
				INFOPLIST_FILE = "Find My DineUITests/Info.plist";
				LD_RUNPATH_SEARCH_PATHS = (
					"$(inherited)",
					"@executable_path/Frameworks",
					"@loader_path/Frameworks",
				);
				PRODUCT_BUNDLE_IDENTIFIER = "com.ms.Find-My-DineUITests";
				PRODUCT_NAME = "$(TARGET_NAME)";
				SWIFT_VERSION = 4.2;
				TARGETED_DEVICE_FAMILY = "1,2";
				TEST_TARGET_NAME = "Find My Dine";
			};
			name = Release;
		};
/* End XCBuildConfiguration section */

/* Begin XCConfigurationList section */
		788DCFF123A3E453002B3F43 /* Build configuration list for PBXProject "Find My Dine" */ = {
			isa = XCConfigurationList;
			buildConfigurations = (
				788DD01C23A3E455002B3F43 /* Debug */,
				788DD01D23A3E455002B3F43 /* Release */,
			);
			defaultConfigurationIsVisible = 0;
			defaultConfigurationName = Release;
		};
		788DD01E23A3E455002B3F43 /* Build configuration list for PBXNativeTarget "Find My Dine" */ = {
			isa = XCConfigurationList;
			buildConfigurations = (
				788DD01F23A3E455002B3F43 /* Debug */,
				788DD02023A3E455002B3F43 /* Release */,
			);
			defaultConfigurationIsVisible = 0;
			defaultConfigurationName = Release;
		};
		788DD02123A3E455002B3F43 /* Build configuration list for PBXNativeTarget "Find My DineTests" */ = {
			isa = XCConfigurationList;
			buildConfigurations = (
				788DD02223A3E455002B3F43 /* Debug */,
				788DD02323A3E455002B3F43 /* Release */,
			);
			defaultConfigurationIsVisible = 0;
			defaultConfigurationName = Release;
		};
		788DD02423A3E455002B3F43 /* Build configuration list for PBXNativeTarget "Find My DineUITests" */ = {
			isa = XCConfigurationList;
			buildConfigurations = (
				788DD02523A3E455002B3F43 /* Debug */,
				788DD02623A3E455002B3F43 /* Release */,
			);
			defaultConfigurationIsVisible = 0;
			defaultConfigurationName = Release;
		};
/* End XCConfigurationList section */
	};
	rootObject = 788DCFEE23A3E453002B3F43 /* Project object */;
}
